
Microsoft Visual Studio Solution File, Format Version 12.00
# Blend for Visual Studio Version 16
VisualStudioVersion = 16.0.28711.60
MinimumVisualStudioVersion = 10.0.40219.1
Project("{FAE04EC0-301F-11D3-BF4B-00C04F79EFBC}") = "BlendTest", "BlendTest\BlendTest.csproj", "{A01CFDBD-EEB8-4FBA-A20C-D3CB781A190E}"
EndProject
Global
	GlobalSection(SolutionConfigurationPlatforms) = preSolution
		Debug|Any CPU = Debug|Any CPU
		Release|Any CPU = Release|Any CPU
	EndGlobalSection
	GlobalSection(ProjectConfigurationPlatforms) = postSolution
		{A01CFDBD-EEB8-4FBA-A20C-D3CB781A190E}.Debug|Any CPU.ActiveCfg = Debug|Any CPU
		{A01CFDBD-EEB8-4FBA-A20C-D3CB781A190E}.Debug|Any CPU.Build.0 = Debug|Any CPU
		{A01CFDBD-EEB8-4FBA-A20C-D3CB781A190E}.Release|Any CPU.ActiveCfg = Release|Any CPU
		{A01CFDBD-EEB8-4FBA-A20C-D3CB781A190E}.Release|Any CPU.Build.0 = Release|Any CPU
	EndGlobalSection
	GlobalSection(SolutionProperties) = preSolution
		HideSolutionNode = FALSE
	EndGlobalSection
	GlobalSection(ExtensibilityGlobals) = postSolution
		SolutionGuid = {63B2DCE5-1330-48D3-BC17-2E0EF62161B5}
	EndGlobalSection
EndGlobal
